
Microsoft Visual Studio Solution File, Format Version 12.00
# Visual Studio Version 17
VisualStudioVersion = 17.5.33414.496
MinimumVisualStudioVersion = 10.0.40219.1
Project("{FAE04EC0-301F-11D3-BF4B-00C04F79EFBC}") = "EmBrito.Dataverse.Extensions.ClientFactory", "EmBrito.Dataverse.Extensions.ClientFactory\EmBrito.Dataverse.Extensions.ClientFactory.csproj", "{19A14935-1165-4244-9868-F74D2626F5E2}"
EndProject
Global
	GlobalSection(SolutionConfigurationPlatforms) = preSolution
		Debug|Any CPU = Debug|Any CPU
		Release|Any CPU = Release|Any CPU
	EndGlobalSection
	GlobalSection(ProjectConfigurationPlatforms) = postSolution
		{19A14935-1165-4244-9868-F74D2626F5E2}.Debug|Any CPU.ActiveCfg = Debug|Any CPU
		{19A14935-1165-4244-9868-F74D2626F5E2}.Debug|Any CPU.Build.0 = Debug|Any CPU
		{19A14935-1165-4244-9868-F74D2626F5E2}.Release|Any CPU.ActiveCfg = Release|Any CPU
		{19A14935-1165-4244-9868-F74D2626F5E2}.Release|Any CPU.Build.0 = Release|Any CPU
	EndGlobalSection
	GlobalSection(SolutionProperties) = preSolution
		HideSolutionNode = FALSE
	EndGlobalSection
	GlobalSection(ExtensibilityGlobals) = postSolution
		SolutionGuid = {B2B18A53-7102-4FAA-BB4F-4AEE9CAA551E}
	EndGlobalSection
EndGlobal
